
Microsoft Visual Studio Solution File, Format Version 12.00
# Visual Studio Version 16
VisualStudioVersion = 16.0.30011.22
MinimumVisualStudioVersion = 10.0.40219.1
Project("{FAE04EC0-301F-11D3-BF4B-00C04F79EFBC}") = "Lab1ex11", "Lab1ex11\Lab1ex11.csproj", "{05EF0CE3-BDF3-4614-9B8D-073D305E88F7}"
EndProject
Global
	GlobalSection(SolutionConfigurationPlatforms) = preSolution
		Debug|Any CPU = Debug|Any CPU
		Release|Any CPU = Release|Any CPU
	EndGlobalSection
	GlobalSection(ProjectConfigurationPlatforms) = postSolution
		{05EF0CE3-BDF3-4614-9B8D-073D305E88F7}.Debug|Any CPU.ActiveCfg = Debug|Any CPU
		{05EF0CE3-BDF3-4614-9B8D-073D305E88F7}.Debug|Any CPU.Build.0 = Debug|Any CPU
		{05EF0CE3-BDF3-4614-9B8D-073D305E88F7}.Release|Any CPU.ActiveCfg = Release|Any CPU
		{05EF0CE3-BDF3-4614-9B8D-073D305E88F7}.Release|Any CPU.Build.0 = Release|Any CPU
	EndGlobalSection
	GlobalSection(SolutionProperties) = preSolution
		HideSolutionNode = FALSE
	EndGlobalSection
	GlobalSection(ExtensibilityGlobals) = postSolution
		SolutionGuid = {E380247D-B45A-4774-AE8E-0BFB5E0357A5}
	EndGlobalSection
EndGlobal
